
Microsoft Visual Studio Solution File, Format Version 12.00
# Visual Studio Version 17
VisualStudioVersion = 17.0.31903.59
MinimumVisualStudioVersion = 10.0.40219.1
Project("{FAE04EC0-301F-11D3-BF4B-00C04F79EFBC}") = "nanoboy", "nanoboy\nanoboy.csproj", "{606FFA4F-891C-49A0-A100-D9B7D2852538}"
EndProject
Project("{FAE04EC0-301F-11D3-BF4B-00C04F79EFBC}") = "AetherBoy.SmokeTests", "tests\AetherBoy.SmokeTests\AetherBoy.SmokeTests.csproj", "{8D51C589-7E0D-40AE-B1D3-E0BC38A05824}"
EndProject
Project("{FAE04EC0-301F-11D3-BF4B-00C04F79EFBC}") = "AetherBoy.CoreTests", "tests\AetherBoy.CoreTests\AetherBoy.CoreTests.csproj", "{B73B1EA6-6DF2-4D24-B19D-9C52741B5D73}"
EndProject
Project("{FAE04EC0-301F-11D3-BF4B-00C04F79EFBC}") = "AetherBoy.Core", "nanoboy\Core\AetherBoy.Core.csproj", "{D53591BB-2519-448D-8998-D683C9D9B47B}"
EndProject
Project("{FAE04EC0-301F-11D3-BF4B-00C04F79EFBC}") = "AetherBoy.Runtime", "nanoboy\Runtime\AetherBoy.Runtime.csproj", "{88AD9D31-0555-47CC-9D19-CE83E5271780}"
EndProject
Project("{FAE04EC0-301F-11D3-BF4B-00C04F79EFBC}") = "AetherBoy.RuntimeTests", "tests\AetherBoy.RuntimeTests\AetherBoy.RuntimeTests.csproj", "{D3E77207-5647-4808-A233-38FEFB0AD764}"
EndProject
Global
	GlobalSection(SolutionConfigurationPlatforms) = preSolution
		Debug|Any CPU = Debug|Any CPU
		Release|Any CPU = Release|Any CPU
	EndGlobalSection
	GlobalSection(ProjectConfigurationPlatforms) = postSolution
		{606FFA4F-891C-49A0-A100-D9B7D2852538}.Debug|Any CPU.ActiveCfg = Debug|Any CPU
		{606FFA4F-891C-49A0-A100-D9B7D2852538}.Debug|Any CPU.Build.0 = Debug|Any CPU
		{606FFA4F-891C-49A0-A100-D9B7D2852538}.Release|Any CPU.ActiveCfg = Release|Any CPU
		{606FFA4F-891C-49A0-A100-D9B7D2852538}.Release|Any CPU.Build.0 = Release|Any CPU
		{8D51C589-7E0D-40AE-B1D3-E0BC38A05824}.Debug|Any CPU.ActiveCfg = Debug|Any CPU
		{8D51C589-7E0D-40AE-B1D3-E0BC38A05824}.Debug|Any CPU.Build.0 = Debug|Any CPU
		{8D51C589-7E0D-40AE-B1D3-E0BC38A05824}.Release|Any CPU.ActiveCfg = Release|Any CPU
		{8D51C589-7E0D-40AE-B1D3-E0BC38A05824}.Release|Any CPU.Build.0 = Release|Any CPU
		{B73B1EA6-6DF2-4D24-B19D-9C52741B5D73}.Debug|Any CPU.ActiveCfg = Debug|Any CPU
		{B73B1EA6-6DF2-4D24-B19D-9C52741B5D73}.Debug|Any CPU.Build.0 = Debug|Any CPU
		{B73B1EA6-6DF2-4D24-B19D-9C52741B5D73}.Release|Any CPU.ActiveCfg = Release|Any CPU
		{B73B1EA6-6DF2-4D24-B19D-9C52741B5D73}.Release|Any CPU.Build.0 = Release|Any CPU
		{D53591BB-2519-448D-8998-D683C9D9B47B}.Debug|Any CPU.ActiveCfg = Debug|Any CPU
		{D53591BB-2519-448D-8998-D683C9D9B47B}.Debug|Any CPU.Build.0 = Debug|Any CPU
		{D53591BB-2519-448D-8998-D683C9D9B47B}.Release|Any CPU.ActiveCfg = Release|Any CPU
		{D53591BB-2519-448D-8998-D683C9D9B47B}.Release|Any CPU.Build.0 = Release|Any CPU
		{88AD9D31-0555-47CC-9D19-CE83E5271780}.Debug|Any CPU.ActiveCfg = Debug|Any CPU
		{88AD9D31-0555-47CC-9D19-CE83E5271780}.Debug|Any CPU.Build.0 = Debug|Any CPU
		{88AD9D31-0555-47CC-9D19-CE83E5271780}.Release|Any CPU.ActiveCfg = Release|Any CPU
		{88AD9D31-0555-47CC-9D19-CE83E5271780}.Release|Any CPU.Build.0 = Release|Any CPU
		{D3E77207-5647-4808-A233-38FEFB0AD764}.Debug|Any CPU.ActiveCfg = Debug|Any CPU
		{D3E77207-5647-4808-A233-38FEFB0AD764}.Debug|Any CPU.Build.0 = Debug|Any CPU
		{D3E77207-5647-4808-A233-38FEFB0AD764}.Release|Any CPU.ActiveCfg = Release|Any CPU
		{D3E77207-5647-4808-A233-38FEFB0AD764}.Release|Any CPU.Build.0 = Release|Any CPU
	EndGlobalSection
	GlobalSection(SolutionProperties) = preSolution
		HideSolutionNode = FALSE
	EndGlobalSection
EndGlobal
