
Microsoft Visual Studio Solution File, Format Version 12.00
# Visual Studio Version 17
VisualStudioVersion = 17.0.31903.59
MinimumVisualStudioVersion = 10.0.40219.1
Project("{FAE04EC0-301F-11D3-BF4B-00C04F79EFBC}") = "nanoboy", "nanoboy\nanoboy.csproj", "{606FFA4F-891C-49A0-A100-D9B7D2852538}"
EndProject
Project("{FAE04EC0-301F-11D3-BF4B-00C04F79EFBC}") = "AetherBoy.SmokeTests", "tests\AetherBoy.SmokeTests\AetherBoy.SmokeTests.csproj", "{8D51C589-7E0D-40AE-B1D3-E0BC38A05824}"
EndProject
Project("{FAE04EC0-301F-11D3-BF4B-00C04F79EFBC}") = "AetherBoy.CoreTests", "tests\AetherBoy.CoreTests\AetherBoy.CoreTests.csproj", "{B73B1EA6-6DF2-4D24-B19D-9C52741B5D73}"
EndProject
Project("{FAE04EC0-301F-11D3-BF4B-00C04F79EFBC}") = "AetherBoy.Core", "nanoboy\Core\AetherBoy.Core.csproj", "{D53591BB-2519-448D-8998-D683C9D9B47B}"
EndProject
Project("{FAE04EC0-301F-11D3-BF4B-00C04F79EFBC}") = "AetherBoy.Runtime", "nanoboy\Runtime\AetherBoy.Runtime.csproj", "{88AD9D31-0555-47CC-9D19-CE83E5271780}"
EndProject
Project("{FAE04EC0-301F-11D3-BF4B-00C04F79EFBC}") = "AetherBoy.RuntimeTests", "tests\AetherBoy.RuntimeTests\AetherBoy.RuntimeTests.csproj", "{D3E77207-5647-4808-A233-38FEFB0AD764}"
EndProject
Project("{FAE04EC0-301F-11D3-BF4B-00C04F79EFBC}") = "AetherBoy.Conformance", "tools\AetherBoy.Conformance\AetherBoy.Conformance.csproj", "{7C8A2F1E-8E31-4A87-BEA6-6B53ACCB53DD}"
EndProject
Project("{FAE04EC0-301F-11D3-BF4B-00C04F79EFBC}") = "AetherBoy.GbaProbe", "tools\AetherBoy.GbaProbe\AetherBoy.GbaProbe.csproj", "{9505F838-03AC-4488-A1F0-D7EAC29FEAE6}"
EndProject
Project("{FAE04EC0-301F-11D3-BF4B-00C04F79EFBC}") = "AetherBoy.Vendored.GBADotnet.Core", "third_party\GBADotnet.Core\AetherBoy.Vendored.GBADotnet.Core.csproj", "{18ED225D-04CE-4EC3-AC2B-8E4759E3CB9D}"
EndProject
Project("{FAE04EC0-301F-11D3-BF4B-00C04F79EFBC}") = "AetherBoy.Desktop", "frontends\AetherBoy.Desktop\AetherBoy.Desktop.csproj", "{C93E0D67-929C-4B58-A438-2CD9849D7991}"
EndProject
Project("{FAE04EC0-301F-11D3-BF4B-00C04F79EFBC}") = "AetherBoy.DesktopTests", "tests\AetherBoy.DesktopTests\AetherBoy.DesktopTests.csproj", "{E1F77470-7C06-4E40-B086-05ED049785CF}"
EndProject
Global
	GlobalSection(SolutionConfigurationPlatforms) = preSolution
		Debug|Any CPU = Debug|Any CPU
		Release|Any CPU = Release|Any CPU
	EndGlobalSection
	GlobalSection(ProjectConfigurationPlatforms) = postSolution
		{606FFA4F-891C-49A0-A100-D9B7D2852538}.Debug|Any CPU.ActiveCfg = Debug|Any CPU
		{606FFA4F-891C-49A0-A100-D9B7D2852538}.Debug|Any CPU.Build.0 = Debug|Any CPU
		{606FFA4F-891C-49A0-A100-D9B7D2852538}.Release|Any CPU.ActiveCfg = Release|Any CPU
		{606FFA4F-891C-49A0-A100-D9B7D2852538}.Release|Any CPU.Build.0 = Release|Any CPU
		{8D51C589-7E0D-40AE-B1D3-E0BC38A05824}.Debug|Any CPU.ActiveCfg = Debug|Any CPU
		{8D51C589-7E0D-40AE-B1D3-E0BC38A05824}.Debug|Any CPU.Build.0 = Debug|Any CPU
		{8D51C589-7E0D-40AE-B1D3-E0BC38A05824}.Release|Any CPU.ActiveCfg = Release|Any CPU
		{8D51C589-7E0D-40AE-B1D3-E0BC38A05824}.Release|Any CPU.Build.0 = Release|Any CPU
		{B73B1EA6-6DF2-4D24-B19D-9C52741B5D73}.Debug|Any CPU.ActiveCfg = Debug|Any CPU
		{B73B1EA6-6DF2-4D24-B19D-9C52741B5D73}.Debug|Any CPU.Build.0 = Debug|Any CPU
		{B73B1EA6-6DF2-4D24-B19D-9C52741B5D73}.Release|Any CPU.ActiveCfg = Release|Any CPU
		{B73B1EA6-6DF2-4D24-B19D-9C52741B5D73}.Release|Any CPU.Build.0 = Release|Any CPU
		{D53591BB-2519-448D-8998-D683C9D9B47B}.Debug|Any CPU.ActiveCfg = Debug|Any CPU
		{D53591BB-2519-448D-8998-D683C9D9B47B}.Debug|Any CPU.Build.0 = Debug|Any CPU
		{D53591BB-2519-448D-8998-D683C9D9B47B}.Release|Any CPU.ActiveCfg = Release|Any CPU
		{D53591BB-2519-448D-8998-D683C9D9B47B}.Release|Any CPU.Build.0 = Release|Any CPU
		{88AD9D31-0555-47CC-9D19-CE83E5271780}.Debug|Any CPU.ActiveCfg = Debug|Any CPU
		{88AD9D31-0555-47CC-9D19-CE83E5271780}.Debug|Any CPU.Build.0 = Debug|Any CPU
		{88AD9D31-0555-47CC-9D19-CE83E5271780}.Release|Any CPU.ActiveCfg = Release|Any CPU
		{88AD9D31-0555-47CC-9D19-CE83E5271780}.Release|Any CPU.Build.0 = Release|Any CPU
		{D3E77207-5647-4808-A233-38FEFB0AD764}.Debug|Any CPU.ActiveCfg = Debug|Any CPU
		{D3E77207-5647-4808-A233-38FEFB0AD764}.Debug|Any CPU.Build.0 = Debug|Any CPU
		{D3E77207-5647-4808-A233-38FEFB0AD764}.Release|Any CPU.ActiveCfg = Release|Any CPU
		{D3E77207-5647-4808-A233-38FEFB0AD764}.Release|Any CPU.Build.0 = Release|Any CPU
		{7C8A2F1E-8E31-4A87-BEA6-6B53ACCB53DD}.Debug|Any CPU.ActiveCfg = Debug|Any CPU
		{7C8A2F1E-8E31-4A87-BEA6-6B53ACCB53DD}.Debug|Any CPU.Build.0 = Debug|Any CPU
		{7C8A2F1E-8E31-4A87-BEA6-6B53ACCB53DD}.Release|Any CPU.ActiveCfg = Release|Any CPU
		{7C8A2F1E-8E31-4A87-BEA6-6B53ACCB53DD}.Release|Any CPU.Build.0 = Release|Any CPU
		{9505F838-03AC-4488-A1F0-D7EAC29FEAE6}.Debug|Any CPU.ActiveCfg = Debug|Any CPU
		{9505F838-03AC-4488-A1F0-D7EAC29FEAE6}.Debug|Any CPU.Build.0 = Debug|Any CPU
		{9505F838-03AC-4488-A1F0-D7EAC29FEAE6}.Release|Any CPU.ActiveCfg = Release|Any CPU
		{9505F838-03AC-4488-A1F0-D7EAC29FEAE6}.Release|Any CPU.Build.0 = Release|Any CPU
		{18ED225D-04CE-4EC3-AC2B-8E4759E3CB9D}.Debug|Any CPU.ActiveCfg = Debug|Any CPU
		{18ED225D-04CE-4EC3-AC2B-8E4759E3CB9D}.Debug|Any CPU.Build.0 = Debug|Any CPU
		{18ED225D-04CE-4EC3-AC2B-8E4759E3CB9D}.Release|Any CPU.ActiveCfg = Release|Any CPU
		{18ED225D-04CE-4EC3-AC2B-8E4759E3CB9D}.Release|Any CPU.Build.0 = Release|Any CPU
		{C93E0D67-929C-4B58-A438-2CD9849D7991}.Debug|Any CPU.ActiveCfg = Debug|Any CPU
		{C93E0D67-929C-4B58-A438-2CD9849D7991}.Debug|Any CPU.Build.0 = Debug|Any CPU
		{C93E0D67-929C-4B58-A438-2CD9849D7991}.Release|Any CPU.ActiveCfg = Release|Any CPU
		{C93E0D67-929C-4B58-A438-2CD9849D7991}.Release|Any CPU.Build.0 = Release|Any CPU
		{E1F77470-7C06-4E40-B086-05ED049785CF}.Debug|Any CPU.ActiveCfg = Debug|Any CPU
		{E1F77470-7C06-4E40-B086-05ED049785CF}.Debug|Any CPU.Build.0 = Debug|Any CPU
		{E1F77470-7C06-4E40-B086-05ED049785CF}.Release|Any CPU.ActiveCfg = Release|Any CPU
		{E1F77470-7C06-4E40-B086-05ED049785CF}.Release|Any CPU.Build.0 = Release|Any CPU
	EndGlobalSection
	GlobalSection(SolutionProperties) = preSolution
		HideSolutionNode = FALSE
	EndGlobalSection
EndGlobal
