{
  "version": 1,
  "dependencies": {
    "net10.0": {
      "DiscordRichPresence": {
        "type": "Direct",
        "requested": "[1.6.1.70, )",
        "resolved": "1.6.1.70",
        "contentHash": "yho1fdhbsedICHdfHe/Tu3IX6a5oj4fiPFL0keZStlsh7T/FrdjcwZZ7C1uC2HUvcXbFh+VEJvcbo1W66QtkUg==",
        "dependencies": {
          "Newtonsoft.Json": "13.0.1"
        }
      },
      "MediaToolkit.WebRtc.Native.win-x64": {
        "type": "Direct",
        "requested": "[0.24.5.1, )",
        "resolved": "0.24.5.1",
        "contentHash": "H46CLQXAhdYXy6uZnzYpkUqDPDjdzDP5OjdfiFxWZxtPk6b5XERIRTcztHRm92TZKGl2BlNXSw1804+ARrkPtA=="
      },
      "Newtonsoft.Json": {
        "type": "Direct",
        "requested": "[13.0.4, )",
        "resolved": "13.0.4",
        "contentHash": "pdgNNMai3zv51W5aq268sujXUyx7SNdE2bj1wZcWjAQrKMFZV260lbqYop1d2GM67JI1huLRwxo9ZqnfF/lC6A=="
      },
      "SharpCompress": {
        "type": "Direct",
        "requested": "[0.50.4, )",
        "resolved": "0.50.4",
        "contentHash": "/hxjUR7DEX6mky8/LQXyrnrKioOL6D6veAID1EZpro+q4s02x5dHEYBV3qjEN6lDYYilDoQQ76BcmQj+lRx51w=="
      },
      "aetherboy.core": {
        "type": "Project"
      },
      "aetherboy.vendored.gbadotnet.core": {
        "type": "Project"
      }
    }
  }
}